
Microsoft Visual Studio Solution File, Format Version 12.00
# Visual Studio Version 16
VisualStudioVersion = 16.0.30011.22
MinimumVisualStudioVersion = 10.0.40219.1
Project("{FAE04EC0-301F-11D3-BF4B-00C04F79EFBC}") = "shellLogin01.Android", "shellLogin01\shellLogin01.Android\shellLogin01.Android.csproj", "{3955E5F0-AAEF-4B5B-99CE-89F83112978B}"
EndProject
Project("{FAE04EC0-301F-11D3-BF4B-00C04F79EFBC}") = "shellLogin01.iOS", "shellLogin01\shellLogin01.iOS\shellLogin01.iOS.csproj", "{D84CD423-F209-4AB6-A93C-E7141CFCEB43}"
EndProject
Project("{FAE04EC0-301F-11D3-BF4B-00C04F79EFBC}") = "shellLogin01", "shellLogin01\shellLogin01\shellLogin01.csproj", "{E62AB176-92CB-4C74-89FD-BDDD9C8970C3}"
EndProject
Global
	GlobalSection(SolutionConfigurationPlatforms) = preSolution
		Debug|Any CPU = Debug|Any CPU
		Debug|iPhone = Debug|iPhone
		Debug|iPhoneSimulator = Debug|iPhoneSimulator
		Release|Any CPU = Release|Any CPU
		Release|iPhone = Release|iPhone
		Release|iPhoneSimulator = Release|iPhoneSimulator
	EndGlobalSection
	GlobalSection(ProjectConfigurationPlatforms) = postSolution
		{3955E5F0-AAEF-4B5B-99CE-89F83112978B}.Debug|Any CPU.ActiveCfg = Debug|Any CPU
		{3955E5F0-AAEF-4B5B-99CE-89F83112978B}.Debug|Any CPU.Build.0 = Debug|Any CPU
		{3955E5F0-AAEF-4B5B-99CE-89F83112978B}.Debug|Any CPU.Deploy.0 = Debug|Any CPU
		{3955E5F0-AAEF-4B5B-99CE-89F83112978B}.Debug|iPhone.ActiveCfg = Debug|Any CPU
		{3955E5F0-AAEF-4B5B-99CE-89F83112978B}.Debug|iPhone.Build.0 = Debug|Any CPU
		{3955E5F0-AAEF-4B5B-99CE-89F83112978B}.Debug|iPhone.Deploy.0 = Debug|Any CPU
		{3955E5F0-AAEF-4B5B-99CE-89F83112978B}.Debug|iPhoneSimulator.ActiveCfg = Debug|Any CPU
		{3955E5F0-AAEF-4B5B-99CE-89F83112978B}.Debug|iPhoneSimulator.Build.0 = Debug|Any CPU
		{3955E5F0-AAEF-4B5B-99CE-89F83112978B}.Debug|iPhoneSimulator.Deploy.0 = Debug|Any CPU
		{3955E5F0-AAEF-4B5B-99CE-89F83112978B}.Release|Any CPU.ActiveCfg = Release|Any CPU
		{3955E5F0-AAEF-4B5B-99CE-89F83112978B}.Release|Any CPU.Build.0 = Release|Any CPU
		{3955E5F0-AAEF-4B5B-99CE-89F83112978B}.Release|Any CPU.Deploy.0 = Release|Any CPU
		{3955E5F0-AAEF-4B5B-99CE-89F83112978B}.Release|iPhone.ActiveCfg = Release|Any CPU
		{3955E5F0-AAEF-4B5B-99CE-89F83112978B}.Release|iPhone.Build.0 = Release|Any CPU
		{3955E5F0-AAEF-4B5B-99CE-89F83112978B}.Release|iPhone.Deploy.0 = Release|Any CPU
		{3955E5F0-AAEF-4B5B-99CE-89F83112978B}.Release|iPhoneSimulator.ActiveCfg = Release|Any CPU
		{3955E5F0-AAEF-4B5B-99CE-89F83112978B}.Release|iPhoneSimulator.Build.0 = Release|Any CPU
		{3955E5F0-AAEF-4B5B-99CE-89F83112978B}.Release|iPhoneSimulator.Deploy.0 = Release|Any CPU
		{D84CD423-F209-4AB6-A93C-E7141CFCEB43}.Debug|Any CPU.ActiveCfg = Debug|iPhone
		{D84CD423-F209-4AB6-A93C-E7141CFCEB43}.Debug|Any CPU.Build.0 = Debug|iPhone
		{D84CD423-F209-4AB6-A93C-E7141CFCEB43}.Debug|Any CPU.Deploy.0 = Debug|iPhone
		{D84CD423-F209-4AB6-A93C-E7141CFCEB43}.Debug|iPhone.ActiveCfg = Debug|iPhone
		{D84CD423-F209-4AB6-A93C-E7141CFCEB43}.Debug|iPhone.Build.0 = Debug|iPhone
		{D84CD423-F209-4AB6-A93C-E7141CFCEB43}.Debug|iPhone.Deploy.0 = Debug|iPhone
		{D84CD423-F209-4AB6-A93C-E7141CFCEB43}.Debug|iPhoneSimulator.ActiveCfg = Debug|iPhoneSimulator
		{D84CD423-F209-4AB6-A93C-E7141CFCEB43}.Debug|iPhoneSimulator.Build.0 = Debug|iPhoneSimulator
		{D84CD423-F209-4AB6-A93C-E7141CFCEB43}.Debug|iPhoneSimulator.Deploy.0 = Debug|iPhoneSimulator
		{D84CD423-F209-4AB6-A93C-E7141CFCEB43}.Release|Any CPU.ActiveCfg = Release|iPhone
		{D84CD423-F209-4AB6-A93C-E7141CFCEB43}.Release|Any CPU.Build.0 = Release|iPhone
		{D84CD423-F209-4AB6-A93C-E7141CFCEB43}.Release|Any CPU.Deploy.0 = Release|iPhone
		{D84CD423-F209-4AB6-A93C-E7141CFCEB43}.Release|iPhone.ActiveCfg = Release|iPhone
		{D84CD423-F209-4AB6-A93C-E7141CFCEB43}.Release|iPhone.Build.0 = Release|iPhone
		{D84CD423-F209-4AB6-A93C-E7141CFCEB43}.Release|iPhone.Deploy.0 = Release|iPhone
		{D84CD423-F209-4AB6-A93C-E7141CFCEB43}.Release|iPhoneSimulator.ActiveCfg = Release|iPhoneSimulator
		{D84CD423-F209-4AB6-A93C-E7141CFCEB43}.Release|iPhoneSimulator.Build.0 = Release|iPhoneSimulator
		{D84CD423-F209-4AB6-A93C-E7141CFCEB43}.Release|iPhoneSimulator.Deploy.0 = Release|iPhoneSimulator
		{E62AB176-92CB-4C74-89FD-BDDD9C8970C3}.Debug|Any CPU.ActiveCfg = Debug|Any CPU
		{E62AB176-92CB-4C74-89FD-BDDD9C8970C3}.Debug|Any CPU.Build.0 = Debug|Any CPU
		{E62AB176-92CB-4C74-89FD-BDDD9C8970C3}.Debug|Any CPU.Deploy.0 = Debug|Any CPU
		{E62AB176-92CB-4C74-89FD-BDDD9C8970C3}.Debug|iPhone.ActiveCfg = Debug|Any CPU
		{E62AB176-92CB-4C74-89FD-BDDD9C8970C3}.Debug|iPhone.Build.0 = Debug|Any CPU
		{E62AB176-92CB-4C74-89FD-BDDD9C8970C3}.Debug|iPhone.Deploy.0 = Debug|Any CPU
		{E62AB176-92CB-4C74-89FD-BDDD9C8970C3}.Debug|iPhoneSimulator.ActiveCfg = Debug|Any CPU
		{E62AB176-92CB-4C74-89FD-BDDD9C8970C3}.Debug|iPhoneSimulator.Build.0 = Debug|Any CPU
		{E62AB176-92CB-4C74-89FD-BDDD9C8970C3}.Debug|iPhoneSimulator.Deploy.0 = Debug|Any CPU
		{E62AB176-92CB-4C74-89FD-BDDD9C8970C3}.Release|Any CPU.ActiveCfg = Release|Any CPU
		{E62AB176-92CB-4C74-89FD-BDDD9C8970C3}.Release|Any CPU.Build.0 = Release|Any CPU
		{E62AB176-92CB-4C74-89FD-BDDD9C8970C3}.Release|Any CPU.Deploy.0 = Release|Any CPU
		{E62AB176-92CB-4C74-89FD-BDDD9C8970C3}.Release|iPhone.ActiveCfg = Release|Any CPU
		{E62AB176-92CB-4C74-89FD-BDDD9C8970C3}.Release|iPhone.Build.0 = Release|Any CPU
		{E62AB176-92CB-4C74-89FD-BDDD9C8970C3}.Release|iPhone.Deploy.0 = Release|Any CPU
		{E62AB176-92CB-4C74-89FD-BDDD9C8970C3}.Release|iPhoneSimulator.ActiveCfg = Release|Any CPU
		{E62AB176-92CB-4C74-89FD-BDDD9C8970C3}.Release|iPhoneSimulator.Build.0 = Release|Any CPU
		{E62AB176-92CB-4C74-89FD-BDDD9C8970C3}.Release|iPhoneSimulator.Deploy.0 = Release|Any CPU
	EndGlobalSection
	GlobalSection(SolutionProperties) = preSolution
		HideSolutionNode = FALSE
	EndGlobalSection
	GlobalSection(ExtensibilityGlobals) = postSolution
		SolutionGuid = {A131A413-3738-44E0-865F-02915E00EC42}
	EndGlobalSection
EndGlobal
